
Microsoft Visual Studio Solution File, Format Version 12.00
# Visual Studio Version 16
VisualStudioVersion = 16.0.30002.166
MinimumVisualStudioVersion = 10.0.40219.1
Project("{FAE04EC0-301F-11D3-BF4B-00C04F79EFBC}") = "DesktopUI", "DesktopUI\DesktopUI.csproj", "{D501C442-21B7-4C8A-B729-FF2E3FC49B44}"
EndProject
Project("{FAE04EC0-301F-11D3-BF4B-00C04F79EFBC}") = "DataAccessLayer", "DataAccessLayer\DataAccessLayer.csproj", "{3A89C4CA-DBE4-47E2-B711-1B8171F56AD8}"
EndProject
Global
	GlobalSection(SolutionConfigurationPlatforms) = preSolution
		Debug|Any CPU = Debug|Any CPU
		Release|Any CPU = Release|Any CPU
	EndGlobalSection
	GlobalSection(ProjectConfigurationPlatforms) = postSolution
		{D501C442-21B7-4C8A-B729-FF2E3FC49B44}.Debug|Any CPU.ActiveCfg = Debug|Any CPU
		{D501C442-21B7-4C8A-B729-FF2E3FC49B44}.Debug|Any CPU.Build.0 = Debug|Any CPU
		{D501C442-21B7-4C8A-B729-FF2E3FC49B44}.Release|Any CPU.ActiveCfg = Release|Any CPU
		{D501C442-21B7-4C8A-B729-FF2E3FC49B44}.Release|Any CPU.Build.0 = Release|Any CPU
		{3A89C4CA-DBE4-47E2-B711-1B8171F56AD8}.Debug|Any CPU.ActiveCfg = Debug|Any CPU
		{3A89C4CA-DBE4-47E2-B711-1B8171F56AD8}.Debug|Any CPU.Build.0 = Debug|Any CPU
		{3A89C4CA-DBE4-47E2-B711-1B8171F56AD8}.Release|Any CPU.ActiveCfg = Release|Any CPU
		{3A89C4CA-DBE4-47E2-B711-1B8171F56AD8}.Release|Any CPU.Build.0 = Release|Any CPU
	EndGlobalSection
	GlobalSection(SolutionProperties) = preSolution
		HideSolutionNode = FALSE
	EndGlobalSection
	GlobalSection(ExtensibilityGlobals) = postSolution
		SolutionGuid = {8E36661F-8A2C-4510-BA9D-6CC8FA23D0A6}
	EndGlobalSection
EndGlobal
